
Microsoft Visual Studio Solution File, Format Version 12.00
# Visual Studio Version 17
VisualStudioVersion = 17.4.33205.214
MinimumVisualStudioVersion = 10.0.40219.1
Project("{FAE04EC0-301F-11D3-BF4B-00C04F79EFBC}") = "Session-09", "Session-09\Session-09.csproj", "{B157858F-DE82-4033-BC26-064003533C91}"
EndProject
Project("{FAE04EC0-301F-11D3-BF4B-00C04F79EFBC}") = "Calculator_lib", "Calculator_lib\Calculator_lib.csproj", "{4A107DB4-A274-4D4C-89B9-B72E7BC56A7A}"
EndProject
Global
	GlobalSection(SolutionConfigurationPlatforms) = preSolution
		Debug|Any CPU = Debug|Any CPU
		Release|Any CPU = Release|Any CPU
	EndGlobalSection
	GlobalSection(ProjectConfigurationPlatforms) = postSolution
		{B157858F-DE82-4033-BC26-064003533C91}.Debug|Any CPU.ActiveCfg = Debug|Any CPU
		{B157858F-DE82-4033-BC26-064003533C91}.Debug|Any CPU.Build.0 = Debug|Any CPU
		{B157858F-DE82-4033-BC26-064003533C91}.Release|Any CPU.ActiveCfg = Release|Any CPU
		{B157858F-DE82-4033-BC26-064003533C91}.Release|Any CPU.Build.0 = Release|Any CPU
		{4A107DB4-A274-4D4C-89B9-B72E7BC56A7A}.Debug|Any CPU.ActiveCfg = Debug|Any CPU
		{4A107DB4-A274-4D4C-89B9-B72E7BC56A7A}.Debug|Any CPU.Build.0 = Debug|Any CPU
		{4A107DB4-A274-4D4C-89B9-B72E7BC56A7A}.Release|Any CPU.ActiveCfg = Release|Any CPU
		{4A107DB4-A274-4D4C-89B9-B72E7BC56A7A}.Release|Any CPU.Build.0 = Release|Any CPU
	EndGlobalSection
	GlobalSection(SolutionProperties) = preSolution
		HideSolutionNode = FALSE
	EndGlobalSection
	GlobalSection(ExtensibilityGlobals) = postSolution
		SolutionGuid = {CB0D8198-AC64-4DF6-8326-CB7D0A086EFB}
	EndGlobalSection
EndGlobal
