
Microsoft Visual Studio Solution File, Format Version 12.00
# Visual Studio Version 17
VisualStudioVersion = 17.4.33205.214
MinimumVisualStudioVersion = 10.0.40219.1
Project("{FAE04EC0-301F-11D3-BF4B-00C04F79EFBC}") = "Session17", "Session17\Session17.csproj", "{570B3C99-A27A-438D-B60E-F8B6B4046A2B}"
EndProject
Global
	GlobalSection(SolutionConfigurationPlatforms) = preSolution
		Debug|Any CPU = Debug|Any CPU
		Release|Any CPU = Release|Any CPU
	EndGlobalSection
	GlobalSection(ProjectConfigurationPlatforms) = postSolution
		{570B3C99-A27A-438D-B60E-F8B6B4046A2B}.Debug|Any CPU.ActiveCfg = Debug|Any CPU
		{570B3C99-A27A-438D-B60E-F8B6B4046A2B}.Debug|Any CPU.Build.0 = Debug|Any CPU
		{570B3C99-A27A-438D-B60E-F8B6B4046A2B}.Release|Any CPU.ActiveCfg = Release|Any CPU
		{570B3C99-A27A-438D-B60E-F8B6B4046A2B}.Release|Any CPU.Build.0 = Release|Any CPU
	EndGlobalSection
	GlobalSection(SolutionProperties) = preSolution
		HideSolutionNode = FALSE
	EndGlobalSection
	GlobalSection(ExtensibilityGlobals) = postSolution
		SolutionGuid = {B6D27D15-302D-4F5F-8D67-FC7A8C3CF6FF}
	EndGlobalSection
EndGlobal
